hash: 47bb249589e857fb20d2fcb1028fe83c845be84e568ce1470db8db34d44a8869
updated: 2018-07-04T17:03:36.999887538+02:00
imports:
- name: github.com/aws/aws-sdk-go
  version: e4f914808a9655ef3220bb0082002239cc7f3561
- name: github.com/pkg/errors
  version: 645ef00459ed84a119197bfb8d8205042c6df63d
- name: github.com/Sirupsen/logrus
  version: d682213848ed68c0a260ca37d6dd5ace8423f5ba
- name: github.com/stretchr/testify
  version: f35b8ab0b5a2cef36673838d662e249dd9c94686
testImports: []
